
Microsoft Visual Studio Solution File, Format Version 12.00
# Visual Studio Version 17
VisualStudioVersion = 17.1.32319.34
MinimumVisualStudioVersion = 10.0.40219.1
Project("{FAE04EC0-301F-11D3-BF4B-00C04F79EFBC}") = "Sistema de Ventas", "Sistema de Ventas\Sistema de Ventas.csproj", "{6622B2F9-C102-4E71-8AF5-4455227E2D73}"
EndProject
Global
	GlobalSection(SolutionConfigurationPlatforms) = preSolution
		Debug|Any CPU = Debug|Any CPU
		Release|Any CPU = Release|Any CPU
	EndGlobalSection
	GlobalSection(ProjectConfigurationPlatforms) = postSolution
		{6622B2F9-C102-4E71-8AF5-4455227E2D73}.Debug|Any CPU.ActiveCfg = Debug|Any CPU
		{6622B2F9-C102-4E71-8AF5-4455227E2D73}.Debug|Any CPU.Build.0 = Debug|Any CPU
		{6622B2F9-C102-4E71-8AF5-4455227E2D73}.Release|Any CPU.ActiveCfg = Release|Any CPU
		{6622B2F9-C102-4E71-8AF5-4455227E2D73}.Release|Any CPU.Build.0 = Release|Any CPU
	EndGlobalSection
	GlobalSection(SolutionProperties) = preSolution
		HideSolutionNode = FALSE
	EndGlobalSection
	GlobalSection(ExtensibilityGlobals) = postSolution
		SolutionGuid = {564FA5C5-0DCE-48C7-ACC5-C7E9DDD3F108}
	EndGlobalSection
EndGlobal
